
Microsoft Visual Studio Solution File, Format Version 12.00
# Visual Studio 14
VisualStudioVersion = 14.0.25123.0
MinimumVisualStudioVersion = 10.0.40219.1
Project("{FAE04EC0-301F-11D3-BF4B-00C04F79EFBC}") = "clockControl", "clockControl\clockControl.csproj", "{617FF7F9-6BC5-4B72-87C6-753C203DF6D1}"
EndProject
Project("{FAE04EC0-301F-11D3-BF4B-00C04F79EFBC}") = "clockControl.Web", "clockControl.Web\clockControl.Web.csproj", "{FF77C17D-EFDA-4805-A344-D4CC996F336F}"
EndProject
Global
	GlobalSection(SolutionConfigurationPlatforms) = preSolution
		Debug|Any CPU = Debug|Any CPU
		Release|Any CPU = Release|Any CPU
	EndGlobalSection
	GlobalSection(ProjectConfigurationPlatforms) = postSolution
		{617FF7F9-6BC5-4B72-87C6-753C203DF6D1}.Debug|Any CPU.ActiveCfg = Debug|Any CPU
		{617FF7F9-6BC5-4B72-87C6-753C203DF6D1}.Debug|Any CPU.Build.0 = Debug|Any CPU
		{617FF7F9-6BC5-4B72-87C6-753C203DF6D1}.Release|Any CPU.ActiveCfg = Release|Any CPU
		{617FF7F9-6BC5-4B72-87C6-753C203DF6D1}.Release|Any CPU.Build.0 = Release|Any CPU
		{FF77C17D-EFDA-4805-A344-D4CC996F336F}.Debug|Any CPU.ActiveCfg = Debug|Any CPU
		{FF77C17D-EFDA-4805-A344-D4CC996F336F}.Debug|Any CPU.Build.0 = Debug|Any CPU
		{FF77C17D-EFDA-4805-A344-D4CC996F336F}.Release|Any CPU.ActiveCfg = Release|Any CPU
		{FF77C17D-EFDA-4805-A344-D4CC996F336F}.Release|Any CPU.Build.0 = Release|Any CPU
	EndGlobalSection
	GlobalSection(SolutionProperties) = preSolution
		HideSolutionNode = FALSE
	EndGlobalSection
EndGlobal
